
Microsoft Visual Studio Solution File, Format Version 12.00
# Visual Studio Version 16
VisualStudioVersion = 16.0.29230.47
MinimumVisualStudioVersion = 10.0.40219.1
Project("{9A19103F-16F7-4668-BE54-9A1E7A4F7556}") = "luis.azure.api", "src\luis.azure.api.csproj", "{A5BB0365-A099-4681-B158-534D005B458B}"
EndProject
Global
	GlobalSection(SolutionConfigurationPlatforms) = preSolution
		Debug|Any CPU = Debug|Any CPU
		Release|Any CPU = Release|Any CPU
	EndGlobalSection
	GlobalSection(ProjectConfigurationPlatforms) = postSolution
		{A5BB0365-A099-4681-B158-534D005B458B}.Debug|Any CPU.ActiveCfg = Debug|Any CPU
		{A5BB0365-A099-4681-B158-534D005B458B}.Debug|Any CPU.Build.0 = Debug|Any CPU
		{A5BB0365-A099-4681-B158-534D005B458B}.Release|Any CPU.ActiveCfg = Release|Any CPU
		{A5BB0365-A099-4681-B158-534D005B458B}.Release|Any CPU.Build.0 = Release|Any CPU
	EndGlobalSection
	GlobalSection(SolutionProperties) = preSolution
		HideSolutionNode = FALSE
	EndGlobalSection
	GlobalSection(ExtensibilityGlobals) = postSolution
		SolutionGuid = {BAE1CF7D-0B15-49BD-8067-E10A57B0B204}
	EndGlobalSection
EndGlobal
